NeoBundleLock JavaScript-syntax e24f4aa35f7d8c18cef41bc4cc76f52db5327f80
NeoBundleLock jellybeans.vim f931895c20681684278aef2ffd810730b9c36ec3
NeoBundleLock neobundle.vim e434fe1222f306cd8de28920e54b48e816147d7d
NeoBundleLock neocomplete.vim 7e151cc089e92482d41412cfa2b097a40c9e7529
NeoBundleLock open-browser.vim e17535850b8096b79907df9059fb43c51448f038
NeoBundleLock previm b130f24277e3c6a5afa3984921516b0a83b31d28
NeoBundleLock vim-autoclose a9a3b7384657bc1f60a963fd6c08c63fc48d61c3
NeoBundleLock vim-endwise f06abe3d6eca6f6ebfc31ea3163a51575f450df6
NeoBundleLock vim-javascript 1d8c2677d26d6b3950b90dc1636e63334c8efc3b
NeoBundleLock vim-markdown 67b59d559bafc505b0a75425a50149b6025566fc
NeoBundleLock vimproc c40f7e77e6ff0586ff6951e7cf479b3dc81bb69d
